
Microsoft Visual Studio Solution File, Format Version 12.00
# Visual Studio Version 16
VisualStudioVersion = 16.0.28803.202
MinimumVisualStudioVersion = 10.0.40219.1
Project("{FAE04EC0-301F-11D3-BF4B-00C04F79EFBC}") = "NoteBoard.Model", "NoteBoard.Model\NoteBoard.Model.csproj", "{10C41007-3819-495D-8E65-9A414CABB928}"
EndProject
Project("{FAE04EC0-301F-11D3-BF4B-00C04F79EFBC}") = "NoteBoard.DAL", "NoteBoard.DAL\NoteBoard.DAL.csproj", "{343C7E22-6555-4B8D-B00C-199517D61ADC}"
EndProject
Project("{FAE04EC0-301F-11D3-BF4B-00C04F79EFBC}") = "NoteBoard.BLL", "NoteBoard.BLL\NoteBoard.BLL.csproj", "{0483D232-2B04-46DC-A595-36405CFB44FC}"
EndProject
Project("{FAE04EC0-301F-11D3-BF4B-00C04F79EFBC}") = "NoteBoard.UI.WinForm", "NoteBoard.UI.WinForm\NoteBoard.UI.WinForm.csproj", "{162E6C82-DD41-4157-B30D-D1D5DDAA9632}"
EndProject
Global
	GlobalSection(SolutionConfigurationPlatforms) = preSolution
		Debug|Any CPU = Debug|Any CPU
		Release|Any CPU = Release|Any CPU
	EndGlobalSection
	GlobalSection(ProjectConfigurationPlatforms) = postSolution
		{10C41007-3819-495D-8E65-9A414CABB928}.Debug|Any CPU.ActiveCfg = Debug|Any CPU
		{10C41007-3819-495D-8E65-9A414CABB928}.Debug|Any CPU.Build.0 = Debug|Any CPU
		{10C41007-3819-495D-8E65-9A414CABB928}.Release|Any CPU.ActiveCfg = Release|Any CPU
		{10C41007-3819-495D-8E65-9A414CABB928}.Release|Any CPU.Build.0 = Release|Any CPU
		{343C7E22-6555-4B8D-B00C-199517D61ADC}.Debug|Any CPU.ActiveCfg = Debug|Any CPU
		{343C7E22-6555-4B8D-B00C-199517D61ADC}.Debug|Any CPU.Build.0 = Debug|Any CPU
		{343C7E22-6555-4B8D-B00C-199517D61ADC}.Release|Any CPU.ActiveCfg = Release|Any CPU
		{343C7E22-6555-4B8D-B00C-199517D61ADC}.Release|Any CPU.Build.0 = Release|Any CPU
		{0483D232-2B04-46DC-A595-36405CFB44FC}.Debug|Any CPU.ActiveCfg = Debug|Any CPU
		{0483D232-2B04-46DC-A595-36405CFB44FC}.Debug|Any CPU.Build.0 = Debug|Any CPU
		{0483D232-2B04-46DC-A595-36405CFB44FC}.Release|Any CPU.ActiveCfg = Release|Any CPU
		{0483D232-2B04-46DC-A595-36405CFB44FC}.Release|Any CPU.Build.0 = Release|Any CPU
		{162E6C82-DD41-4157-B30D-D1D5DDAA9632}.Debug|Any CPU.ActiveCfg = Debug|Any CPU
		{162E6C82-DD41-4157-B30D-D1D5DDAA9632}.Debug|Any CPU.Build.0 = Debug|Any CPU
		{162E6C82-DD41-4157-B30D-D1D5DDAA9632}.Release|Any CPU.ActiveCfg = Release|Any CPU
		{162E6C82-DD41-4157-B30D-D1D5DDAA9632}.Release|Any CPU.Build.0 = Release|Any CPU
	EndGlobalSection
	GlobalSection(SolutionProperties) = preSolution
		HideSolutionNode = FALSE
	EndGlobalSection
	GlobalSection(ExtensibilityGlobals) = postSolution
		SolutionGuid = {15397B00-9D5A-47E3-9F95-014A76C54900}
	EndGlobalSection
EndGlobal
